
Microsoft Visual Studio Solution File, Format Version 12.00
# Visual Studio Version 17
VisualStudioVersion = 17.9.34723.18
MinimumVisualStudioVersion = 10.0.40219.1
Project("{FAE04EC0-301F-11D3-BF4B-00C04F79EFBC}") = "SocialNetwork.Business", "SocialNetwork.Business\SocialNetwork.Business.csproj", "{BE43109A-1103-422B-A63E-63E42C4FFD4F}"
EndProject
Project("{FAE04EC0-301F-11D3-BF4B-00C04F79EFBC}") = "SocialNetwok.Core", "SocialNetwok.Core\SocialNetwok.Core.csproj", "{EA82F259-6EDA-4DD6-B64C-841F9CC70BC7}"
EndProject
Project("{FAE04EC0-301F-11D3-BF4B-00C04F79EFBC}") = "SocialNetwok.DataAccess", "SocialNetwok.DataAccess\SocialNetwok.DataAccess.csproj", "{48A28B53-3EF5-4773-A95D-90B7E131628F}"
EndProject
Project("{FAE04EC0-301F-11D3-BF4B-00C04F79EFBC}") = "SocialNetwok.Entities", "SocialNetwok.Entities\SocialNetwok.Entities.csproj", "{A25A340A-CC15-48C8-8BA4-33E3A426E080}"
EndProject
Project("{FAE04EC0-301F-11D3-BF4B-00C04F79EFBC}") = "SocialNetwok.WebUI", "SocialNetwok.WebUI\SocialNetwok.WebUI.csproj", "{EDE7B015-D93B-45D8-9DFE-9EC8A860EE65}"
EndProject
Global
	GlobalSection(SolutionConfigurationPlatforms) = preSolution
		Debug|Any CPU = Debug|Any CPU
		Release|Any CPU = Release|Any CPU
	EndGlobalSection
	GlobalSection(ProjectConfigurationPlatforms) = postSolution
		{BE43109A-1103-422B-A63E-63E42C4FFD4F}.Debug|Any CPU.ActiveCfg = Debug|Any CPU
		{BE43109A-1103-422B-A63E-63E42C4FFD4F}.Debug|Any CPU.Build.0 = Debug|Any CPU
		{BE43109A-1103-422B-A63E-63E42C4FFD4F}.Release|Any CPU.ActiveCfg = Release|Any CPU
		{BE43109A-1103-422B-A63E-63E42C4FFD4F}.Release|Any CPU.Build.0 = Release|Any CPU
		{EA82F259-6EDA-4DD6-B64C-841F9CC70BC7}.Debug|Any CPU.ActiveCfg = Debug|Any CPU
		{EA82F259-6EDA-4DD6-B64C-841F9CC70BC7}.Debug|Any CPU.Build.0 = Debug|Any CPU
		{EA82F259-6EDA-4DD6-B64C-841F9CC70BC7}.Release|Any CPU.ActiveCfg = Release|Any CPU
		{EA82F259-6EDA-4DD6-B64C-841F9CC70BC7}.Release|Any CPU.Build.0 = Release|Any CPU
		{48A28B53-3EF5-4773-A95D-90B7E131628F}.Debug|Any CPU.ActiveCfg = Debug|Any CPU
		{48A28B53-3EF5-4773-A95D-90B7E131628F}.Debug|Any CPU.Build.0 = Debug|Any CPU
		{48A28B53-3EF5-4773-A95D-90B7E131628F}.Release|Any CPU.ActiveCfg = Release|Any CPU
		{48A28B53-3EF5-4773-A95D-90B7E131628F}.Release|Any CPU.Build.0 = Release|Any CPU
		{A25A340A-CC15-48C8-8BA4-33E3A426E080}.Debug|Any CPU.ActiveCfg = Debug|Any CPU
		{A25A340A-CC15-48C8-8BA4-33E3A426E080}.Debug|Any CPU.Build.0 = Debug|Any CPU
		{A25A340A-CC15-48C8-8BA4-33E3A426E080}.Release|Any CPU.ActiveCfg = Release|Any CPU
		{A25A340A-CC15-48C8-8BA4-33E3A426E080}.Release|Any CPU.Build.0 = Release|Any CPU
		{EDE7B015-D93B-45D8-9DFE-9EC8A860EE65}.Debug|Any CPU.ActiveCfg = Debug|Any CPU
		{EDE7B015-D93B-45D8-9DFE-9EC8A860EE65}.Debug|Any CPU.Build.0 = Debug|Any CPU
		{EDE7B015-D93B-45D8-9DFE-9EC8A860EE65}.Release|Any CPU.ActiveCfg = Release|Any CPU
		{EDE7B015-D93B-45D8-9DFE-9EC8A860EE65}.Release|Any CPU.Build.0 = Release|Any CPU
	EndGlobalSection
	GlobalSection(SolutionProperties) = preSolution
		HideSolutionNode = FALSE
	EndGlobalSection
	GlobalSection(ExtensibilityGlobals) = postSolution
		SolutionGuid = {9C70F3E8-4311-4E49-9DC1-7162547A3759}
	EndGlobalSection
EndGlobal
